
Microsoft Visual Studio Solution File, Format Version 12.00
# Visual Studio Version 16
VisualStudioVersion = 16.0.31911.196
MinimumVisualStudioVersion = 10.0.40219.1
Project("{9A19103F-16F7-4668-BE54-9A1E7A4F7556}") = "CrossMe.TestProject", "CrossMe.TestProject\CrossMe.TestProject.csproj", "{1A070067-5F33-48D7-80DB-1397566AD0AE}"
EndProject
Global
	GlobalSection(SolutionConfigurationPlatforms) = preSolution
		Debug|Any CPU = Debug|Any CPU
		Release|Any CPU = Release|Any CPU
	EndGlobalSection
	GlobalSection(ProjectConfigurationPlatforms) = postSolution
		{1A070067-5F33-48D7-80DB-1397566AD0AE}.Debug|Any CPU.ActiveCfg = Debug|Any CPU
		{1A070067-5F33-48D7-80DB-1397566AD0AE}.Debug|Any CPU.Build.0 = Debug|Any CPU
		{1A070067-5F33-48D7-80DB-1397566AD0AE}.Release|Any CPU.ActiveCfg = Release|Any CPU
		{1A070067-5F33-48D7-80DB-1397566AD0AE}.Release|Any CPU.Build.0 = Release|Any CPU
	EndGlobalSection
	GlobalSection(SolutionProperties) = preSolution
		HideSolutionNode = FALSE
	EndGlobalSection
	GlobalSection(ExtensibilityGlobals) = postSolution
		SolutionGuid = {7A3421F4-1A7F-4AD0-AB8A-B48FC24BB357}
	EndGlobalSection
EndGlobal
